lockfileVersion: '9.0'

settings:
  autoInstallPeers: true
  excludeLinksFromLockfile: false

importers:

  .:
    devDependencies:
      '@types/vscode':
        specifier: ^1.94.0
        version: 1.94.0

packages:

  '@types/vscode@1.94.0':
    resolution: {integrity: sha512-UyQOIUT0pb14XSqJskYnRwD2aG0QrPVefIfrW1djR+/J4KeFQ0i1+hjZoaAmeNf3Z2jleK+R2hv+EboG/m8ruw==}

snapshots:

  '@types/vscode@1.94.0': {}
